
Microsoft Visual Studio Solution File, Format Version 12.00
# Visual Studio Version 16
VisualStudioVersion = 16.0.30717.126
MinimumVisualStudioVersion = 10.0.40219.1
Project("{FAE04EC0-301F-11D3-BF4B-00C04F79EFBC}") = "MarkCurran_S00199895", "MarkCurran_S00199895.csproj", "{3439A8DA-C8BC-4C20-9B9C-08C6D1D2F376}"
EndProject
Project("{FAE04EC0-301F-11D3-BF4B-00C04F79EFBC}") = "GameTests", "..\GameTests\GameTests.csproj", "{BA28B6C8-A7C0-42C1-8F6F-900C37701F12}"
EndProject
Global
	GlobalSection(SolutionConfigurationPlatforms) = preSolution
		Debug|Any CPU = Debug|Any CPU
		Release|Any CPU = Release|Any CPU
	EndGlobalSection
	GlobalSection(ProjectConfigurationPlatforms) = postSolution
		{3439A8DA-C8BC-4C20-9B9C-08C6D1D2F376}.Debug|Any CPU.ActiveCfg = Debug|Any CPU
		{3439A8DA-C8BC-4C20-9B9C-08C6D1D2F376}.Debug|Any CPU.Build.0 = Debug|Any CPU
		{3439A8DA-C8BC-4C20-9B9C-08C6D1D2F376}.Release|Any CPU.ActiveCfg = Release|Any CPU
		{3439A8DA-C8BC-4C20-9B9C-08C6D1D2F376}.Release|Any CPU.Build.0 = Release|Any CPU
		{BA28B6C8-A7C0-42C1-8F6F-900C37701F12}.Debug|Any CPU.ActiveCfg = Debug|Any CPU
		{BA28B6C8-A7C0-42C1-8F6F-900C37701F12}.Debug|Any CPU.Build.0 = Debug|Any CPU
		{BA28B6C8-A7C0-42C1-8F6F-900C37701F12}.Release|Any CPU.ActiveCfg = Release|Any CPU
		{BA28B6C8-A7C0-42C1-8F6F-900C37701F12}.Release|Any CPU.Build.0 = Release|Any CPU
	EndGlobalSection
	GlobalSection(SolutionProperties) = preSolution
		HideSolutionNode = FALSE
	EndGlobalSection
	GlobalSection(ExtensibilityGlobals) = postSolution
		SolutionGuid = {B15709E6-F970-45D6-89B9-9CEFC387E44F}
	EndGlobalSection
EndGlobal
